// !$*UTF8*$!
{
	archiveVersion = 1;
	classes = {
	};
	objectVersion = 46;
	objects = {

/* Begin PBXBuildFile section */
		9A6F85031B9BDEE3000D972C /* GenerateThumbnailForURL.c in Sources */ = {isa = PBXBuildFile; fileRef = 9A6F85021B9BDEE3000D972C /* GenerateThumbnailForURL.c */; };
		9A6F85051B9BDEE3000D972C /* GeneratePreviewForURL.c in Sources */ = {isa = PBXBuildFile; fileRef = 9A6F85041B9BDEE3000D972C /* GeneratePreviewForURL.c */; };
		9A6F85071B9BDEE3000D972C /* main.c in Sources */ = {isa = PBXBuildFile; fileRef = 9A6F85061B9BDEE3000D972C /* main.c */; };
/* End PBXBuildFile section */

/* Begin PBXFileReference section */
		9A6F84FD1B9BDEE3000D972C /* QLPlayground.qlgenerator */ = {isa = PBXFileReference; explicitFileType = wrapper.cfbundle; includeInIndex = 0; path = QLPlayground.qlgenerator; sourceTree = BUILT_PRODUCTS_DIR; };
		9A6F85011B9BDEE3000D972C /* Info.plist */ = {isa = PBXFileReference; lastKnownFileType = text.plist.xml; path = Info.plist; sourceTree = "<group>"; };
		9A6F85021B9BDEE3000D972C /* GenerateThumbnailForURL.c */ = {isa = PBXFileReference; lastKnownFileType = sourcecode.c.c; path = GenerateThumbnailForURL.c; sourceTree = "<group>"; };
		9A6F85041B9BDEE3000D972C /* GeneratePreviewForURL.c */ = {isa = PBXFileReference; lastKnownFileType = sourcecode.c.c; path = GeneratePreviewForURL.c; sourceTree = "<group>"; };
		9A6F85061B9BDEE3000D972C /* main.c */ = {isa = PBXFileReference; lastKnownFileType = sourcecode.c.c; path = main.c; sourceTree = "<group>"; };
/* End PBXFileReference section */

/* Begin PBXFrameworksBuildPhase section */
		9A6F84F91B9BDEE3000D972C /* Frameworks */ = {
			isa = PBXFrameworksBuildPhase;
			buildActionMask = 2147483647;
			files = (
			);
			runOnlyForDeploymentPostprocessing = 0;
		};
/* End PBXFrameworksBuildPhase section */

/* Begin PBXGroup section */
		9A6F84F31B9BDEE3000D972C = {
			isa = PBXGroup;
			children = (
				9A6F84FF1B9BDEE3000D972C /* QLPlayground */,
				9A6F84FE1B9BDEE3000D972C /* Products */,
			);
			sourceTree = "<group>";
		};
		9A6F84FE1B9BDEE3000D972C /* Products */ = {
			isa = PBXGroup;
			children = (
				9A6F84FD1B9BDEE3000D972C /* QLPlayground.qlgenerator */,
			);
			name = Products;
			sourceTree = "<group>";
		};
		9A6F84FF1B9BDEE3000D972C /* QLPlayground */ = {
			isa = PBXGroup;
			children = (
				9A6F85021B9BDEE3000D972C /* GenerateThumbnailForURL.c */,
				9A6F85041B9BDEE3000D972C /* GeneratePreviewForURL.c */,
				9A6F85061B9BDEE3000D972C /* main.c */,
				9A6F85001B9BDEE3000D972C /* Supporting Files */,
			);
			path = QLPlayground;
			sourceTree = "<group>";
		};
		9A6F85001B9BDEE3000D972C /* Supporting Files */ = {
			isa = PBXGroup;
			children = (
				9A6F85011B9BDEE3000D972C /* Info.plist */,
			);
			name = "Supporting Files";
			sourceTree = "<group>";
		};
/* End PBXGroup section */

/* Begin PBXHeadersBuildPhase section */
		9A6F84FA1B9BDEE3000D972C /* Headers */ = {
			isa = PBXHeadersBuildPhase;
			buildActionMask = 2147483647;
			files = (
			);
			runOnlyForDeploymentPostprocessing = 0;
		};
/* End PBXHeadersBuildPhase section */

/* Begin PBXNativeTarget section */
		9A6F84FC1B9BDEE3000D972C /* QLPlayground */ = {
			isa = PBXNativeTarget;
			buildConfigurationList = 9A6F850A1B9BDEE3000D972C /* Build configuration list for PBXNativeTarget "QLPlayground" */;
			buildPhases = (
				9A6F84F81B9BDEE3000D972C /* Sources */,
				9A6F84F91B9BDEE3000D972C /* Frameworks */,
				9A6F84FA1B9BDEE3000D972C /* Headers */,
				9A6F84FB1B9BDEE3000D972C /* Resources */,
			);
			buildRules = (
			);
			dependencies = (
			);
			name = QLPlayground;
			productName = QLPlayground;
			productReference = 9A6F84FD1B9BDEE3000D972C /* QLPlayground.qlgenerator */;
			productType = "com.apple.product-type.bundle";
		};
/* End PBXNativeTarget section */

/* Begin PBXProject section */
		9A6F84F41B9BDEE3000D972C /* Project object */ = {
			isa = PBXProject;
			attributes = {
				LastUpgradeCheck = 0640;
				ORGANIZATIONNAME = "Jayson Rhynas";
				TargetAttributes = {
					9A6F84FC1B9BDEE3000D972C = {
						CreatedOnToolsVersion = 6.4;
					};
				};
			};
			buildConfigurationList = 9A6F84F71B9BDEE3000D972C /* Build configuration list for PBXProject "QLPlayground" */;
			compatibilityVersion = "Xcode 3.2";
			developmentRegion = English;
			hasScannedForEncodings = 0;
			knownRegions = (
				en,
			);
			mainGroup = 9A6F84F31B9BDEE3000D972C;
			productRefGroup = 9A6F84FE1B9BDEE3000D972C /* Products */;
			projectDirPath = "";
			projectRoot = "";
			targets = (
				9A6F84FC1B9BDEE3000D972C /* QLPlayground */,
			);
		};
/* End PBXProject section */

/* Begin PBXResourcesBuildPhase section */
		9A6F84FB1B9BDEE3000D972C /* Resources */ = {
			isa = PBXResourcesBuildPhase;
			buildActionMask = 2147483647;
			files = (
			);
			runOnlyForDeploymentPostprocessing = 0;
		};
/* End PBXResourcesBuildPhase section */

/* Begin PBXSourcesBuildPhase section */
		9A6F84F81B9BDEE3000D972C /* Sources */ = {
			isa = PBXSourcesBuildPhase;
			buildActionMask = 2147483647;
			files = (
				9A6F85031B9BDEE3000D972C /* GenerateThumbnailForURL.c in Sources */,
				9A6F85051B9BDEE3000D972C /* GeneratePreviewForURL.c in Sources */,
				9A6F85071B9BDEE3000D972C /* main.c in Sources */,
			);
			runOnlyForDeploymentPostprocessing = 0;
		};
/* End PBXSourcesBuildPhase section */

/* Begin XCBuildConfiguration section */
		9A6F85081B9BDEE3000D972C /* Debug */ = {
			isa = XCBuildConfiguration;
			buildSettings = {
				ALWAYS_SEARCH_USER_PATHS = NO;
				CLANG_CXX_LANGUAGE_STANDARD = "gnu++0x";
				CLANG_CXX_LIBRARY = "libc++";
				CLANG_ENABLE_MODULES = YES;
				CLANG_ENABLE_OBJC_ARC = YES;
				CLANG_WARN_BOOL_CONVERSION = YES;
				CLANG_WARN_CONSTANT_CONVERSION = YES;
				CLANG_WARN_DIRECT_OBJC_ISA_USAGE = YES_ERROR;
				CLANG_WARN_EMPTY_BODY = YES;
				CLANG_WARN_ENUM_CONVERSION = YES;
				CLANG_WARN_INT_CONVERSION = YES;
				CLANG_WARN_OBJC_ROOT_CLASS = YES_ERROR;
				CLANG_WARN_UNREACHABLE_CODE = YES;
				CLANG_WARN__DUPLICATE_METHOD_MATCH = YES;
				COPY_PHASE_STRIP = NO;
				DEBUG_INFORMATION_FORMAT = dwarf;
				ENABLE_STRICT_OBJC_MSGSEND = YES;
				GCC_C_LANGUAGE_STANDARD = gnu99;
				GCC_DYNAMIC_NO_PIC = NO;
				GCC_NO_COMMON_BLOCKS = YES;
				GCC_OPTIMIZATION_LEVEL = 0;
				GCC_PREPROCESSOR_DEFINITIONS = (
					"DEBUG=1",
					"$(inherited)",
				);
				GCC_SYMBOLS_PRIVATE_EXTERN = NO;
				GCC_WARN_64_TO_32_BIT_CONVERSION = YES;
				GCC_WARN_ABOUT_RETURN_TYPE = YES_ERROR;
				GCC_WARN_UNDECLARED_SELECTOR = YES;
				GCC_WARN_UNINITIALIZED_AUTOS = YES_AGGRESSIVE;
				GCC_WARN_UNUSED_FUNCTION = YES;
				GCC_WARN_UNUSED_VARIABLE = YES;
				MACOSX_DEPLOYMENT_TARGET = 10.10;
				MTL_ENABLE_DEBUG_INFO = YES;
				ONLY_ACTIVE_ARCH = YES;
				SDKROOT = macosx;
			};
			name = Debug;
		};
		9A6F85091B9BDEE3000D972C /* Release */ = {
			isa = XCBuildConfiguration;
			buildSettings = {
				ALWAYS_SEARCH_USER_PATHS = NO;
				CLANG_CXX_LANGUAGE_STANDARD = "gnu++0x";
				CLANG_CXX_LIBRARY = "libc++";
				CLANG_ENABLE_MODULES = YES;
				CLANG_ENABLE_OBJC_ARC = YES;
				CLANG_WARN_BOOL_CONVERSION = YES;
				CLANG_WARN_CONSTANT_CONVERSION = YES;
				CLANG_WARN_DIRECT_OBJC_ISA_USAGE = YES_ERROR;
				CLANG_WARN_EMPTY_BODY = YES;
				CLANG_WARN_ENUM_CONVERSION = YES;
				CLANG_WARN_INT_CONVERSION = YES;
				CLANG_WARN_OBJC_ROOT_CLASS = YES_ERROR;
				CLANG_WARN_UNREACHABLE_CODE = YES;
				CLANG_WARN__DUPLICATE_METHOD_MATCH = YES;
				COPY_PHASE_STRIP = NO;
				DEBUG_INFORMATION_FORMAT = "dwarf-with-dsym";
				ENABLE_NS_ASSERTIONS = NO;
				ENABLE_STRICT_OBJC_MSGSEND = YES;
				GCC_C_LANGUAGE_STANDARD = gnu99;
				GCC_NO_COMMON_BLOCKS = YES;
				GCC_WARN_64_TO_32_BIT_CONVERSION = YES;
				GCC_WARN_ABOUT_RETURN_TYPE = YES_ERROR;
				GCC_WARN_UNDECLARED_SELECTOR = YES;
				GCC_WARN_UNINITIALIZED_AUTOS = YES_AGGRESSIVE;
				GCC_WARN_UNUSED_FUNCTION = YES;
				GCC_WARN_UNUSED_VARIABLE = YES;
				MACOSX_DEPLOYMENT_TARGET = 10.10;
				MTL_ENABLE_DEBUG_INFO = NO;
				SDKROOT = macosx;
			};
			name = Release;
		};
		9A6F850B1B9BDEE3000D972C /* Debug */ = {
			isa = XCBuildConfiguration;
			buildSettings = {
				COMBINE_HIDPI_IMAGES = YES;
				INFOPLIST_FILE = QLPlayground/Info.plist;
				INSTALL_PATH = /Library/QuickLook;
				PRODUCT_NAME = "$(TARGET_NAME)";
				WRAPPER_EXTENSION = qlgenerator;
			};
			name = Debug;
		};
		9A6F850C1B9BDEE3000D972C /* Release */ = {
			isa = XCBuildConfiguration;
			buildSettings = {
				COMBINE_HIDPI_IMAGES = YES;
				INFOPLIST_FILE = QLPlayground/Info.plist;
				INSTALL_PATH = /Library/QuickLook;
				PRODUCT_NAME = "$(TARGET_NAME)";
				WRAPPER_EXTENSION = qlgenerator;
			};
			name = Release;
		};
/* End XCBuildConfiguration section */

/* Begin XCConfigurationList section */
		9A6F84F71B9BDEE3000D972C /* Build configuration list for PBXProject "QLPlayground" */ = {
			isa = XCConfigurationList;
			buildConfigurations = (
				9A6F85081B9BDEE3000D972C /* Debug */,
				9A6F85091B9BDEE3000D972C /* Release */,
			);
			defaultConfigurationIsVisible = 0;
			defaultConfigurationName = Release;
		};
		9A6F850A1B9BDEE3000D972C /* Build configuration list for PBXNativeTarget "QLPlayground" */ = {
			isa = XCConfigurationList;
			buildConfigurations = (
				9A6F850B1B9BDEE3000D972C /* Debug */,
				9A6F850C1B9BDEE3000D972C /* Release */,
			);
			defaultConfigurationIsVisible = 0;
		};
/* End XCConfigurationList section */
	};
	rootObject = 9A6F84F41B9BDEE3000D972C /* Project object */;
}
